dependencies:
  espressif/esp-dsp:
    component_hash: fa7fe74305df6da25867437ebcd4213e047cbfc0556cf92067ab657fce537c6e
    dependencies:
    - name: idf
      require: private
      version: '>=4.2'
    source:
      registry_url: https://components.espressif.com/
      type: service
    version: 1.5.2
  espressif/led_strip:
    component_hash: 223998f10cae6d81f2ad2dd3c1103c2221be298c708e37917482b0153f3ec64e
    dependencies:
    - name: idf
      require: private
      version: '>=5.0'
    source:
      registry_url: https://components.espressif.com/
      type: service
    version: 3.0.1~1
  idf:
    source:
      type: idf
    version: 5.4.2
direct_dependencies:
- espressif/esp-dsp
- espressif/led_strip
- idf
manifest_hash: de875b66dcd1f57c6d4bbd0f3c32546397554e59f06121a9a9c48eb4467e0360
target: esp32s3
version: 2.0.0
